// !$*UTF8*$!
{
	archiveVersion = 1;
	classes = {
	};
	objectVersion = 46;
	objects = {

/* Begin PBXBuildFile section */
		04094C881EEF057700DB5CC0 /* AppDelegate.swift in Sources */ = {isa = PBXBuildFile; fileRef = 04094C871EEF057700DB5CC0 /* AppDelegate.swift */; };
		04094C8A1EEF057700DB5CC0 /* ViewController.swift in Sources */ = {isa = PBXBuildFile; fileRef = 04094C891EEF057700DB5CC0 /* ViewController.swift */; };
		04094C8D1EEF057700DB5CC0 /* Main.storyboard in Resources */ = {isa = PBXBuildFile; fileRef = 04094C8B1EEF057700DB5CC0 /* Main.storyboard */; };
		04094C8F1EEF057700DB5CC0 /* Assets.xcassets in Resources */ = {isa = PBXBuildFile; fileRef = 04094C8E1EEF057700DB5CC0 /* Assets.xcassets */; };
		04094C921EEF057700DB5CC0 /* LaunchScreen.storyboard in Resources */ = {isa = PBXBuildFile; fileRef = 04094C901EEF057700DB5CC0 /* LaunchScreen.storyboard */; };
		04094CA01EEF08C400DB5CC0 /* fonts in Resources */ = {isa = PBXBuildFile; fileRef = 04094C9E1EEF08C400DB5CC0 /* fonts */; };
		04094CA11EEF08C400DB5CC0 /* images in Resources */ = {isa = PBXBuildFile; fileRef = 04094C9F1EEF08C400DB5CC0 /* images */; };
/* End PBXBuildFile section */

/* Begin PBXFileReference section */
		04094C841EEF057700DB5CC0 /* soSimons.app */ = {isa = PBXFileReference; explicitFileType = wrapper.application; includeInIndex = 0; path = soSimons.app; sourceTree = BUILT_PRODUCTS_DIR; };
		04094C871EEF057700DB5CC0 /* AppDelegate.swift */ = {isa = PBXFileReference; lastKnownFileType = sourcecode.swift; path = AppDelegate.swift; sourceTree = "<group>"; };
		04094C891EEF057700DB5CC0 /* ViewController.swift */ = {isa = PBXFileReference; lastKnownFileType = sourcecode.swift; path = ViewController.swift; sourceTree = "<group>"; };
		04094C8C1EEF057700DB5CC0 /* Base */ = {isa = PBXFileReference; lastKnownFileType = file.storyboard; name = Base; path = Base.lproj/Main.storyboard; sourceTree = "<group>"; };
		04094C8E1EEF057700DB5CC0 /* Assets.xcassets */ = {isa = PBXFileReference; lastKnownFileType = folder.assetcatalog; path = Assets.xcassets; sourceTree = "<group>"; };
		04094C911EEF057700DB5CC0 /* Base */ = {isa = PBXFileReference; lastKnownFileType = file.storyboard; name = Base; path = Base.lproj/LaunchScreen.storyboard; sourceTree = "<group>"; };
		04094C931EEF057700DB5CC0 /* Info.plist */ = {isa = PBXFileReference; lastKnownFileType = text.plist.xml; path = Info.plist; sourceTree = "<group>"; };
		04094C9E1EEF08C400DB5CC0 /* fonts */ = {isa = PBXFileReference; lastKnownFileType = folder; path = fonts; sourceTree = "<group>"; };
		04094C9F1EEF08C400DB5CC0 /* images */ = {isa = PBXFileReference; lastKnownFileType = folder; path = images; sourceTree = "<group>"; };
/* End PBXFileReference section */

/* Begin PBXFrameworksBuildPhase section */
		04094C811EEF057700DB5CC0 /* Frameworks */ = {
			isa = PBXFrameworksBuildPhase;
			buildActionMask = 2147483647;
			files = (
			);
			runOnlyForDeploymentPostprocessing = 0;
		};
/* End PBXFrameworksBuildPhase section */

/* Begin PBXGroup section */
		04094C7B1EEF057700DB5CC0 = {
			isa = PBXGroup;
			children = (
				04094C861EEF057700DB5CC0 /* soSimons */,
				04094C851EEF057700DB5CC0 /* Products */,
			);
			sourceTree = "<group>";
		};
		04094C851EEF057700DB5CC0 /* Products */ = {
			isa = PBXGroup;
			children = (
				04094C841EEF057700DB5CC0 /* soSimons.app */,
			);
			name = Products;
			sourceTree = "<group>";
		};
		04094C861EEF057700DB5CC0 /* soSimons */ = {
			isa = PBXGroup;
			children = (
				04094C9E1EEF08C400DB5CC0 /* fonts */,
				04094C9F1EEF08C400DB5CC0 /* images */,
				04094C871EEF057700DB5CC0 /* AppDelegate.swift */,
				04094C891EEF057700DB5CC0 /* ViewController.swift */,
				04094C8B1EEF057700DB5CC0 /* Main.storyboard */,
				04094C991EEF062800DB5CC0 /*  Support */,
			);
			path = soSimons;
			sourceTree = "<group>";
		};
		04094C991EEF062800DB5CC0 /*  Support */ = {
			isa = PBXGroup;
			children = (
				04094C8E1EEF057700DB5CC0 /* Assets.xcassets */,
				04094C901EEF057700DB5CC0 /* LaunchScreen.storyboard */,
				04094C931EEF057700DB5CC0 /* Info.plist */,
			);
			name = " Support";
			sourceTree = "<group>";
		};
/* End PBXGroup section */

/* Begin PBXNativeTarget section */
		04094C831EEF057700DB5CC0 /* soSimons */ = {
			isa = PBXNativeTarget;
			buildConfigurationList = 04094C961EEF057700DB5CC0 /* Build configuration list for PBXNativeTarget "soSimons" */;
			buildPhases = (
				04094C801EEF057700DB5CC0 /* Sources */,
				04094C811EEF057700DB5CC0 /* Frameworks */,
				04094C821EEF057700DB5CC0 /* Resources */,
			);
			buildRules = (
			);
			dependencies = (
			);
			name = soSimons;
			productName = soSimons;
			productReference = 04094C841EEF057700DB5CC0 /* soSimons.app */;
			productType = "com.apple.product-type.application";
		};
/* End PBXNativeTarget section */

/* Begin PBXProject section */
		04094C7C1EEF057700DB5CC0 /* Project object */ = {
			isa = PBXProject;
			attributes = {
				LastSwiftUpdateCheck = 0830;
				LastUpgradeCheck = 0830;
				ORGANIZATIONNAME = "Sabrina Ouldyounes";
				TargetAttributes = {
					04094C831EEF057700DB5CC0 = {
						CreatedOnToolsVersion = 8.3.2;
						ProvisioningStyle = Automatic;
					};
				};
			};
			buildConfigurationList = 04094C7F1EEF057700DB5CC0 /* Build configuration list for PBXProject "soSimons" */;
			compatibilityVersion = "Xcode 3.2";
			developmentRegion = English;
			hasScannedForEncodings = 0;
			knownRegions = (
				en,
				Base,
			);
			mainGroup = 04094C7B1EEF057700DB5CC0;
			productRefGroup = 04094C851EEF057700DB5CC0 /* Products */;
			projectDirPath = "";
			projectRoot = "";
			targets = (
				04094C831EEF057700DB5CC0 /* soSimons */,
			);
		};
/* End PBXProject section */

/* Begin PBXResourcesBuildPhase section */
		04094C821EEF057700DB5CC0 /* Resources */ = {
			isa = PBXResourcesBuildPhase;
			buildActionMask = 2147483647;
			files = (
				04094CA11EEF08C400DB5CC0 /* images in Resources */,
				04094C921EEF057700DB5CC0 /* LaunchScreen.storyboard in Resources */,
				04094C8F1EEF057700DB5CC0 /* Assets.xcassets in Resources */,
				04094C8D1EEF057700DB5CC0 /* Main.storyboard in Resources */,
				04094CA01EEF08C400DB5CC0 /* fonts in Resources */,
			);
			runOnlyForDeploymentPostprocessing = 0;
		};
/* End PBXResourcesBuildPhase section */

/* Begin PBXSourcesBuildPhase section */
		04094C801EEF057700DB5CC0 /* Sources */ = {
			isa = PBXSourcesBuildPhase;
			buildActionMask = 2147483647;
			files = (
				04094C8A1EEF057700DB5CC0 /* ViewController.swift in Sources */,
				04094C881EEF057700DB5CC0 /* AppDelegate.swift in Sources */,
			);
			runOnlyForDeploymentPostprocessing = 0;
		};
/* End PBXSourcesBuildPhase section */

/* Begin PBXVariantGroup section */
		04094C8B1EEF057700DB5CC0 /* Main.storyboard */ = {
			isa = PBXVariantGroup;
			children = (
				04094C8C1EEF057700DB5CC0 /* Base */,
			);
			name = Main.storyboard;
			sourceTree = "<group>";
		};
		04094C901EEF057700DB5CC0 /* LaunchScreen.storyboard */ = {
			isa = PBXVariantGroup;
			children = (
				04094C911EEF057700DB5CC0 /* Base */,
			);
			name = LaunchScreen.storyboard;
			sourceTree = "<group>";
		};
/* End PBXVariantGroup section */

/* Begin XCBuildConfiguration section */
		04094C941EEF057700DB5CC0 /* Debug */ = {
			isa = XCBuildConfiguration;
			buildSettings = {
				ALWAYS_SEARCH_USER_PATHS = NO;
				CLANG_ANALYZER_NONNULL = YES;
				CLANG_ANALYZER_NUMBER_OBJECT_CONVERSION = YES_AGGRESSIVE;
				CLANG_CXX_LANGUAGE_STANDARD = "gnu++0x";
				CLANG_CXX_LIBRARY = "libc++";
				CLANG_ENABLE_MODULES = YES;
				CLANG_ENABLE_OBJC_ARC = YES;
				CLANG_WARN_BOOL_CONVERSION = YES;
				CLANG_WARN_CONSTANT_CONVERSION = YES;
				CLANG_WARN_DIRECT_OBJC_ISA_USAGE = YES_ERROR;
				CLANG_WARN_DOCUMENTATION_COMMENTS = YES;
				CLANG_WARN_EMPTY_BODY = YES;
				CLANG_WARN_ENUM_CONVERSION = YES;
				CLANG_WARN_INFINITE_RECURSION = YES;
				CLANG_WARN_INT_CONVERSION = YES;
				CLANG_WARN_OBJC_ROOT_CLASS = YES_ERROR;
				CLANG_WARN_SUSPICIOUS_MOVE = YES;
				CLANG_WARN_UNREACHABLE_CODE = YES;
				CLANG_WARN__DUPLICATE_METHOD_MATCH = YES;
				"CODE_SIGN_IDENTITY[sdk=iphoneos*]" = "iPhone Developer";
				COPY_PHASE_STRIP = NO;
				DEBUG_INFORMATION_FORMAT = dwarf;
				ENABLE_STRICT_OBJC_MSGSEND = YES;
				ENABLE_TESTABILITY = YES;
				GCC_C_LANGUAGE_STANDARD = gnu99;
				GCC_DYNAMIC_NO_PIC = NO;
				GCC_NO_COMMON_BLOCKS = YES;
				GCC_OPTIMIZATION_LEVEL = 0;
				GCC_PREPROCESSOR_DEFINITIONS = (
					"DEBUG=1",
					"$(inherited)",
				);
				GCC_WARN_64_TO_32_BIT_CONVERSION = YES;
				GCC_WARN_ABOUT_RETURN_TYPE = YES_ERROR;
				GCC_WARN_UNDECLARED_SELECTOR = YES;
				GCC_WARN_UNINITIALIZED_AUTOS = YES_AGGRESSIVE;
				GCC_WARN_UNUSED_FUNCTION = YES;
				GCC_WARN_UNUSED_VARIABLE = YES;
				IPHONEOS_DEPLOYMENT_TARGET = 10.3;
				MTL_ENABLE_DEBUG_INFO = YES;
				ONLY_ACTIVE_ARCH = YES;
				SDKROOT = iphoneos;
				SWIFT_ACTIVE_COMPILATION_CONDITIONS = DEBUG;
				SWIFT_OPTIMIZATION_LEVEL = "-Onone";
				TARGETED_DEVICE_FAMILY = "1,2";
			};
			name = Debug;
		};
		04094C951EEF057700DB5CC0 /* Release */ = {
			isa = XCBuildConfiguration;
			buildSettings = {
				ALWAYS_SEARCH_USER_PATHS = NO;
				CLANG_ANALYZER_NONNULL = YES;
				CLANG_ANALYZER_NUMBER_OBJECT_CONVERSION = YES_AGGRESSIVE;
				CLANG_CXX_LANGUAGE_STANDARD = "gnu++0x";
				CLANG_CXX_LIBRARY = "libc++";
				CLANG_ENABLE_MODULES = YES;
				CLANG_ENABLE_OBJC_ARC = YES;
				CLANG_WARN_BOOL_CONVERSION = YES;
				CLANG_WARN_CONSTANT_CONVERSION = YES;
				CLANG_WARN_DIRECT_OBJC_ISA_USAGE = YES_ERROR;
				CLANG_WARN_DOCUMENTATION_COMMENTS = YES;
				CLANG_WARN_EMPTY_BODY = YES;
				CLANG_WARN_ENUM_CONVERSION = YES;
				CLANG_WARN_INFINITE_RECURSION = YES;
				CLANG_WARN_INT_CONVERSION = YES;
				CLANG_WARN_OBJC_ROOT_CLASS = YES_ERROR;
				CLANG_WARN_SUSPICIOUS_MOVE = YES;
				CLANG_WARN_UNREACHABLE_CODE = YES;
				CLANG_WARN__DUPLICATE_METHOD_MATCH = YES;
				"CODE_SIGN_IDENTITY[sdk=iphoneos*]" = "iPhone Developer";
				COPY_PHASE_STRIP = NO;
				DEBUG_INFORMATION_FORMAT = "dwarf-with-dsym";
				ENABLE_NS_ASSERTIONS = NO;
				ENABLE_STRICT_OBJC_MSGSEND = YES;
				GCC_C_LANGUAGE_STANDARD = gnu99;
				GCC_NO_COMMON_BLOCKS = YES;
				GCC_WARN_64_TO_32_BIT_CONVERSION = YES;
				GCC_WARN_ABOUT_RETURN_TYPE = YES_ERROR;
				GCC_WARN_UNDECLARED_SELECTOR = YES;
				GCC_WARN_UNINITIALIZED_AUTOS = YES_AGGRESSIVE;
				GCC_WARN_UNUSED_FUNCTION = YES;
				GCC_WARN_UNUSED_VARIABLE = YES;
				IPHONEOS_DEPLOYMENT_TARGET = 10.3;
				MTL_ENABLE_DEBUG_INFO = NO;
				SDKROOT = iphoneos;
				SWIFT_OPTIMIZATION_LEVEL = "-Owholemodule";
				TARGETED_DEVICE_FAMILY = "1,2";
				VALIDATE_PRODUCT = YES;
			};
			name = Release;
		};
		04094C971EEF057700DB5CC0 /* Debug */ = {
			isa = XCBuildConfiguration;
			buildSettings = {
				ASSETCATALOG_COMPILER_APPICON_NAME = AppIcon;
				INFOPLIST_FILE = soSimons/Info.plist;
				LD_RUNPATH_SEARCH_PATHS = "$(inherited) @executable_path/Frameworks";
				PRODUCT_BUNDLE_IDENTIFIER = con.sabrinaOuldyounes.soSimons;
				PRODUCT_NAME = "$(TARGET_NAME)";
				SWIFT_VERSION = 3.0;
			};
			name = Debug;
		};
		04094C981EEF057700DB5CC0 /* Release */ = {
			isa = XCBuildConfiguration;
			buildSettings = {
				ASSETCATALOG_COMPILER_APPICON_NAME = AppIcon;
				INFOPLIST_FILE = soSimons/Info.plist;
				LD_RUNPATH_SEARCH_PATHS = "$(inherited) @executable_path/Frameworks";
				PRODUCT_BUNDLE_IDENTIFIER = con.sabrinaOuldyounes.soSimons;
				PRODUCT_NAME = "$(TARGET_NAME)";
				SWIFT_VERSION = 3.0;
			};
			name = Release;
		};
/* End XCBuildConfiguration section */

/* Begin XCConfigurationList section */
		04094C7F1EEF057700DB5CC0 /* Build configuration list for PBXProject "soSimons" */ = {
			isa = XCConfigurationList;
			buildConfigurations = (
				04094C941EEF057700DB5CC0 /* Debug */,
				04094C951EEF057700DB5CC0 /* Release */,
			);
			defaultConfigurationIsVisible = 0;
			defaultConfigurationName = Release;
		};
		04094C961EEF057700DB5CC0 /* Build configuration list for PBXNativeTarget "soSimons" */ = {
			isa = XCConfigurationList;
			buildConfigurations = (
				04094C971EEF057700DB5CC0 /* Debug */,
				04094C981EEF057700DB5CC0 /* Release */,
			);
			defaultConfigurationIsVisible = 0;
		};
/* End XCConfigurationList section */
	};
	rootObject = 04094C7C1EEF057700DB5CC0 /* Project object */;
}
